PODS:
  - Flutter (1.0.0)
  - flutter_paystack (0.0.1):
    - Flutter

DEPENDENCIES:
  - Flutter (from `Flutter`)
  - flutter_paystack (from `.symlinks/plugins/flutter_paystack/ios`)

EXTERNAL SOURCES:
  Flutter:
    :path: Flutter
  flutter_paystack:
    :path: ".symlinks/plugins/flutter_paystack/ios"

SPEC CHECKSUMS:
  Flutter: cabc95a1d2626b1b06e7179b784ebcf0c0cde467
  flutter_paystack: 326a709af45c9cce86aab60486a5ddf63d58e5ac

PODFILE CHECKSUM: 53a6aebc29ccee84c41f92f409fc20cd4ca011f1

COCOAPODS: 1.17.0
